
Microsoft Visual Studio Solution File, Format Version 12.00
# Visual Studio Version 17
VisualStudioVersion = 17.11.35327.3
MinimumVisualStudioVersion = 10.0.40219.1
Project("{FAE04EC0-301F-11D3-BF4B-00C04F79EFBC}") = "SimpleTaskManagerApp", "SimpleTaskManagerApp\SimpleTaskManagerApp.csproj", "{F7F7481C-D366-4CEA-959D-93B04AF87127}"
EndProject
Project("{FAE04EC0-301F-11D3-BF4B-00C04F79EFBC}") = "SimpleTaskManagerApp.Data", "SimpleTaskManagerApp.Data\SimpleTaskManagerApp.Data.csproj", "{0D05D9A2-B1A7-4EAC-9F32-C34EBC4F4066}"
EndProject
Global
	GlobalSection(SolutionConfigurationPlatforms) = preSolution
		Debug|Any CPU = Debug|Any CPU
		Release|Any CPU = Release|Any CPU
	EndGlobalSection
	GlobalSection(ProjectConfigurationPlatforms) = postSolution
		{F7F7481C-D366-4CEA-959D-93B04AF87127}.Debug|Any CPU.ActiveCfg = Debug|Any CPU
		{F7F7481C-D366-4CEA-959D-93B04AF87127}.Debug|Any CPU.Build.0 = Debug|Any CPU
		{F7F7481C-D366-4CEA-959D-93B04AF87127}.Release|Any CPU.ActiveCfg = Release|Any CPU
		{F7F7481C-D366-4CEA-959D-93B04AF87127}.Release|Any CPU.Build.0 = Release|Any CPU
		{0D05D9A2-B1A7-4EAC-9F32-C34EBC4F4066}.Debug|Any CPU.ActiveCfg = Debug|Any CPU
		{0D05D9A2-B1A7-4EAC-9F32-C34EBC4F4066}.Debug|Any CPU.Build.0 = Debug|Any CPU
		{0D05D9A2-B1A7-4EAC-9F32-C34EBC4F4066}.Release|Any CPU.ActiveCfg = Release|Any CPU
		{0D05D9A2-B1A7-4EAC-9F32-C34EBC4F4066}.Release|Any CPU.Build.0 = Release|Any CPU
	EndGlobalSection
	GlobalSection(SolutionProperties) = preSolution
		HideSolutionNode = FALSE
	EndGlobalSection
	GlobalSection(ExtensibilityGlobals) = postSolution
		SolutionGuid = {099DC992-6EDB-4C41-A89B-4F34DA1A03A7}
	EndGlobalSection
EndGlobal
